
Microsoft Visual Studio Solution File, Format Version 12.00
# Visual Studio Version 17
VisualStudioVersion = 17.3.32929.385
MinimumVisualStudioVersion = 10.0.40219.1
Project("{9A19103F-16F7-4668-BE54-9A1E7A4F7556}") = "AggregateRepository.Kurrent", "AggregateRepository.Kurrent\AggregateRepository.Kurrent.csproj", "{84A2B093-71F2-4015-94E1-5188AD8AEDF6}"
EndProject
Project("{9A19103F-16F7-4668-BE54-9A1E7A4F7556}") = "AggregateRepository.Kurrent.Tests", "AggregateRepository.Kurrent.Tests\AggregateRepository.Kurrent.Tests.csproj", "{5870B925-53E3-4B53-9975-46F508F11445}"
EndProject
Global
	GlobalSection(SolutionConfigurationPlatforms) = preSolution
		Debug|Any CPU = Debug|Any CPU
		Release|Any CPU = Release|Any CPU
	EndGlobalSection
	GlobalSection(ProjectConfigurationPlatforms) = postSolution
		{84A2B093-71F2-4015-94E1-5188AD8AEDF6}.Debug|Any CPU.ActiveCfg = Debug|Any CPU
		{84A2B093-71F2-4015-94E1-5188AD8AEDF6}.Debug|Any CPU.Build.0 = Debug|Any CPU
		{84A2B093-71F2-4015-94E1-5188AD8AEDF6}.Release|Any CPU.ActiveCfg = Release|Any CPU
		{84A2B093-71F2-4015-94E1-5188AD8AEDF6}.Release|Any CPU.Build.0 = Release|Any CPU
		{5870B925-53E3-4B53-9975-46F508F11445}.Debug|Any CPU.ActiveCfg = Debug|Any CPU
		{5870B925-53E3-4B53-9975-46F508F11445}.Debug|Any CPU.Build.0 = Debug|Any CPU
		{5870B925-53E3-4B53-9975-46F508F11445}.Release|Any CPU.ActiveCfg = Release|Any CPU
		{5870B925-53E3-4B53-9975-46F508F11445}.Release|Any CPU.Build.0 = Release|Any CPU
	EndGlobalSection
	GlobalSection(SolutionProperties) = preSolution
		HideSolutionNode = FALSE
	EndGlobalSection
	GlobalSection(ExtensibilityGlobals) = postSolution
		SolutionGuid = {919AD96C-1393-495B-B996-4EF79A9EF0D1}
	EndGlobalSection
EndGlobal
